{
  "version": "5",
  "specifiers": {
    "jsr:@std/assert@^1.0.16": "1.0.16",
    "jsr:@std/internal@^1.0.12": "1.0.12",
    "jsr:@std/path@^1.1.3": "1.1.3",
    "npm:@types/parsimmon@^1.10.9": "1.10.9",
    "npm:fp-ts@^2.16.11": "2.16.11",
    "npm:parsimmon@^1.18.1": "1.18.1",
    "npm:ts-pattern@^5.9.0": "5.9.0"
  },
  "jsr": {
    "@std/assert@1.0.16": {
      "integrity": "6a7272ed1eaa77defe76e5ff63ca705d9c495077e2d5fd0126d2b53fc5bd6532",
      "dependencies": [
        "jsr:@std/internal"
      ]
    },
    "@std/internal@1.0.12": {
      "integrity": "972a634fd5bc34b242024402972cd5143eac68d8dffaca5eaa4dba30ce17b027"
    },
    "@std/path@1.1.3": {
      "integrity": "b015962d82a5e6daea980c32b82d2c40142149639968549c649031a230b1afb3",
      "dependencies": [
        "jsr:@std/internal"
      ]
    }
  },
  "npm": {
    "@types/parsimmon@1.10.9": {
      "integrity": "sha512-O2M2x1w+m7gWLen8i5DOy6tWRnbRcsW6Pke3j3HAsJUrPb4g0MgjksIUm2aqUtCYxy7Qjr3CzjjwQBzhiGn46A=="
    },
    "fp-ts@2.16.11": {
      "integrity": "sha512-LaI+KaX2NFkfn1ZGHoKCmcfv7yrZsC3b8NtWsTVQeHkq4F27vI5igUuO53sxqDEa2gNQMHFPmpojDw/1zmUK7w=="
    },
    "parsimmon@1.18.1": {
      "integrity": "sha512-u7p959wLfGAhJpSDJVYXoyMCXWYwHia78HhRBWqk7AIbxdmlrfdp5wX0l3xv/iTSH5HvhN9K7o26hwwpgS5Nmw=="
    },
    "ts-pattern@5.9.0": {
      "integrity": "sha512-6s5V71mX8qBUmlgbrfL33xDUwO0fq48rxAu2LBE11WBeGdpCPOsXksQbZJHvHwhrd3QjUusd3mAOM5Gg0mFBLg=="
    }
  },
  "workspace": {
    "dependencies": [
      "jsr:@std/assert@^1.0.16",
      "jsr:@std/path@^1.1.3",
      "npm:@types/parsimmon@^1.10.9",
      "npm:fp-ts@^2.16.11",
      "npm:parsimmon@^1.18.1",
      "npm:ts-pattern@^5.9.0"
    ]
  }
}
